{
  "nodes": {
    "agenix": {
      "inputs": {
        "darwin": "darwin",
        "home-manager": "home-manager",
        "nixpkgs": "nixpkgs",
        "systems": "systems"
      },
      "locked": {
        "lastModified": 1723293904,
        "narHash": "sha256-b+uqzj+Wa6xgMS9aNbX4I+sXeb5biPDi39VgvSFqFvU=",
        "owner": "ryantm",
        "repo": "agenix",
        "rev": "f6291c5935fdc4e0bef208cfc0dcab7e3f7a1c41",
        "type": "github"
      },
      "original": {
        "owner": "ryantm",
        "repo": "agenix",
        "type": "github"
      }
    },
    "crane": {
      "inputs": {
        "nixpkgs": [
          "typhon",
          "nixpkgs"
        ]
      },
      "locked": {
        "lastModified": 1717290123,
        "narHash": "sha256-K8O2KQEbA+NIAc8BDsWV6QKqU3i9M+YTUi4zzmLRy1s=",
        "owner": "ipetkov",
        "repo": "crane",
        "rev": "ae1453ffd0f8f684e863685c317a953317db2b79",
        "type": "github"
      },
      "original": {
        "owner": "ipetkov",
        "repo": "crane",
        "type": "github"
      }
    },
    "darwin": {
      "inputs": {
        "nixpkgs": [
          "agenix",
          "nixpkgs"
        ]
      },
      "locked": {
        "lastModified": 1700795494,
        "narHash": "sha256-gzGLZSiOhf155FW7262kdHo2YDeugp3VuIFb4/GGng0=",
        "owner": "lnl7",
        "repo": "nix-darwin",
        "rev": "4b9b83d5a92e8c1fbfd8eb27eda375908c11ec4d",
        "type": "github"
      },
      "original": {
        "owner": "lnl7",
        "ref": "master",
        "repo": "nix-darwin",
        "type": "github"
      }
    },
    "flake-compat": {
      "flake": false,
      "locked": {
        "lastModified": 1696426674,
        "narHash": "sha256-kvjfFW7WAETZlt09AgDn1MrtKzP7t90Vf7vypd3OL1U=",
        "owner": "edolstra",
        "repo": "flake-compat",
        "rev": "0f9255e01c2351cc7d116c072cb317785dd33b33",
        "type": "github"
      },
      "original": {
        "owner": "edolstra",
        "repo": "flake-compat",
        "type": "github"
      }
    },
    "flake-parts": {
      "inputs": {
        "nixpkgs-lib": "nixpkgs-lib"
      },
      "locked": {
        "lastModified": 1722555600,
        "narHash": "sha256-XOQkdLafnb/p9ij77byFQjDf5m5QYl9b2REiVClC+x4=",
        "owner": "hercules-ci",
        "repo": "flake-parts",
        "rev": "8471fe90ad337a8074e957b69ca4d0089218391d",
        "type": "github"
      },
      "original": {
        "owner": "hercules-ci",
        "repo": "flake-parts",
        "type": "github"
      }
    },
    "flake-schemas": {
      "locked": {
        "lastModified": 1697467827,
        "narHash": "sha256-j8SR19V1SRysyJwpOBF4TLuAvAjF5t+gMiboN4gYQDU=",
        "owner": "determinatesystems",
        "repo": "flake-schemas",
        "rev": "764932025c817d4e500a8d2a4d8c565563923d29",
        "type": "github"
      },
      "original": {
        "owner": "determinatesystems",
        "repo": "flake-schemas",
        "type": "github"
      }
    },
    "flake-utils": {
      "inputs": {
        "systems": "systems_2"
      },
      "locked": {
        "lastModified": 1705309234,
        "narHash": "sha256-uNRRNRKmJyCRC/8y1RqBkqWBLM034y4qN7EprSdmgyA=",
        "owner": "numtide",
        "repo": "flake-utils",
        "rev": "1ef2e671c3b0c19053962c07dbda38332dcebf26",
        "type": "github"
      },
      "original": {
        "owner": "numtide",
        "repo": "flake-utils",
        "type": "github"
      }
    },
    "home-manager": {
      "inputs": {
        "nixpkgs": [
          "agenix",
          "nixpkgs"
        ]
      },
      "locked": {
        "lastModified": 1703113217,
        "narHash": "sha256-7ulcXOk63TIT2lVDSExj7XzFx09LpdSAPtvgtM7yQPE=",
        "owner": "nix-community",
        "repo": "home-manager",
        "rev": "3bfaacf46133c037bb356193bd2f1765d9dc82c1",
        "type": "github"
      },
      "original": {
        "owner": "nix-community",
        "repo": "home-manager",
        "type": "github"
      }
    },
    "nixpkgs": {
      "locked": {
        "lastModified": 1703013332,
        "narHash": "sha256-+tFNwMvlXLbJZXiMHqYq77z/RfmpfpiI3yjL6o/Zo9M=",
        "owner": "NixOS",
        "repo": "nixpkgs",
        "rev": "54aac082a4d9bb5bbc5c4e899603abfb76a3f6d6",
        "type": "github"
      },
      "original": {
        "owner": "NixOS",
        "ref": "nixos-unstable",
        "repo": "nixpkgs",
        "type": "github"
      }
    },
    "nixpkgs-lib": {
      "locked": {
        "lastModified": 1722555339,
        "narHash": "sha256-uFf2QeW7eAHlYXuDktm9c25OxOyCoUOQmh5SZ9amE5Q=",
        "type": "tarball",
        "url": "https://github.com/NixOS/nixpkgs/archive/a5d394176e64ab29c852d03346c1fc9b0b7d33eb.tar.gz"
      },
      "original": {
        "type": "tarball",
        "url": "https://github.com/NixOS/nixpkgs/archive/a5d394176e64ab29c852d03346c1fc9b0b7d33eb.tar.gz"
      }
    },
    "nixpkgs_2": {
      "locked": {
        "lastModified": 1723637854,
        "narHash": "sha256-med8+5DSWa2UnOqtdICndjDAEjxr5D7zaIiK4pn0Q7c=",
        "owner": "NixOS",
        "repo": "nixpkgs",
        "rev": "c3aa7b8938b17aebd2deecf7be0636000d62a2b9",
        "type": "github"
      },
      "original": {
        "owner": "NixOS",
        "ref": "nixos-unstable",
        "repo": "nixpkgs",
        "type": "github"
      }
    },
    "nixpkgs_3": {
      "locked": {
        "lastModified": 1716948383,
        "narHash": "sha256-SzDKxseEcHR5KzPXLwsemyTR/kaM9whxeiJohbL04rs=",
        "owner": "nixos",
        "repo": "nixpkgs",
        "rev": "ad57eef4ef0659193044870c731987a6df5cf56b",
        "type": "github"
      },
      "original": {
        "owner": "nixos",
        "ref": "nixos-unstable",
        "repo": "nixpkgs",
        "type": "github"
      }
    },
    "root": {
      "inputs": {
        "agenix": "agenix",
        "flake-parts": "flake-parts",
        "nixpkgs": "nixpkgs_2",
        "typhon": "typhon"
      }
    },
    "rust-overlay": {
      "inputs": {
        "flake-utils": "flake-utils",
        "nixpkgs": [
          "typhon",
          "nixpkgs"
        ]
      },
      "locked": {
        "lastModified": 1717294752,
        "narHash": "sha256-QhlS52cEQyx+iVcgrEoCnEEpWUA6uLdmeLRxk935inI=",
        "owner": "oxalica",
        "repo": "rust-overlay",
        "rev": "b46857a406d207a1de74e792ef3b83e800c30e08",
        "type": "github"
      },
      "original": {
        "owner": "oxalica",
        "repo": "rust-overlay",
        "type": "github"
      }
    },
    "systems": {
      "locked": {
        "lastModified": 1681028828,
        "narHash": "sha256-Vy1rq5AaRuLzOxct8nz4T6wlgyUR7zLU309k9mBC768=",
        "owner": "nix-systems",
        "repo": "default",
        "rev": "da67096a3b9bf56a91d16901293e51ba5b49a27e",
        "type": "github"
      },
      "original": {
        "owner": "nix-systems",
        "repo": "default",
        "type": "github"
      }
    },
    "systems_2": {
      "locked": {
        "lastModified": 1681028828,
        "narHash": "sha256-Vy1rq5AaRuLzOxct8nz4T6wlgyUR7zLU309k9mBC768=",
        "owner": "nix-systems",
        "repo": "default",
        "rev": "da67096a3b9bf56a91d16901293e51ba5b49a27e",
        "type": "github"
      },
      "original": {
        "owner": "nix-systems",
        "repo": "default",
        "type": "github"
      }
    },
    "typhon": {
      "inputs": {
        "crane": "crane",
        "flake-compat": "flake-compat",
        "flake-schemas": "flake-schemas",
        "nixpkgs": "nixpkgs_3",
        "rust-overlay": "rust-overlay"
      },
      "locked": {
        "lastModified": 1717523948,
        "narHash": "sha256-Pa57jFcQckJspn1R7JvHiz3U4LBE5AMB4MRM3yDFWeE=",
        "owner": "typhon-ci",
        "repo": "typhon",
        "rev": "8575fbaaafca205f4c946fe2c9b9d7d17576ad93",
        "type": "github"
      },
      "original": {
        "owner": "typhon-ci",
        "repo": "typhon",
        "type": "github"
      }
    }
  },
  "root": "root",
  "version": 7
}
